{
  "name": "npm-v2-fixture",
  "version": "1.0.0",
  "lockfileVersion": 2,
  "requires": true,
  "packages": {
    "": {
      "name": "npm-v2-fixture",
      "version": "1.0.0",
      "devDependencies": {
        "@scope/dev-only": "3.0.0"
      }
    },
    "node_modules/zeta": {
      "version": "5.0.0",
      "optional": true
    },
    "node_modules/parent/node_modules/@nested/child": {
      "version": "4.1.0"
    },
    "node_modules/@scope/dev-only": {
      "version": "3.0.0",
      "dev": true
    },
    "node_modules/alias-name": {
      "name": "actual-package",
      "version": "2.0.0"
    },
    "node_modules/parent": {
      "version": "1.0.0"
    }
  },
  "dependencies": {
    "parent": {
      "version": "1.0.0"
    }
  }
}
